
Microsoft Visual Studio Solution File, Format Version 12.00
# Visual Studio Version 17
VisualStudioVersion = 17.11.35219.272
MinimumVisualStudioVersion = 10.0.40219.1
Project("{9A19103F-16F7-4668-BE54-9A1E7A4F7556}") = "WebApi", "WebApi\WebApi.csproj", "{52647491-72A0-4AF8-9BBE-8968B78902E8}"
EndProject
Project("{E53339B2-1760-4266-BCC7-CA923CBCF16C}") = "docker-compose", "..\docker-compose.dcproj", "{B4146BCF-6915-4196-A690-96E43DE550D1}"
EndProject
Project("{9A19103F-16F7-4668-BE54-9A1E7A4F7556}") = "Infrastructure", "Infrastructure\Infrastructure.csproj", "{28B0B82B-AC69-440D-AC13-B9B62D3C4860}"
EndProject
Project("{9A19103F-16F7-4668-BE54-9A1E7A4F7556}") = "Domain", "Domain\Domain.csproj", "{7D357072-8BF6-4643-9200-BC42DBA7BEC9}"
EndProject
Project("{2150E333-8FDC-42A3-9474-1A3956D46DE8}") = "Solution Items", "Solution Items", "{96F10009-00DF-4BBB-AE9B-9A8E677C77AF}"
	ProjectSection(SolutionItems) = preProject
		.editorconfig = .editorconfig
	EndProjectSection
EndProject
Project("{9A19103F-16F7-4668-BE54-9A1E7A4F7556}") = "Tests", "Tests\Tests.csproj", "{5257EB47-B13F-4B49-A14F-A385E3B99A13}"
EndProject
Project("{9A19103F-16F7-4668-BE54-9A1E7A4F7556}") = "Application", "Application\Application.csproj", "{12407A91-D934-4AFE-AEB5-FF87EBBCBB91}"
EndProject
Project("{2150E333-8FDC-42A3-9474-1A3956D46DE8}") = "Services", "Services", "{E1DFFE1E-95AF-478F-900E-6798C6B9B784}"
EndProject
Project("{2150E333-8FDC-42A3-9474-1A3956D46DE8}") = "RabbitMq", "RabbitMq", "{B6CF7D25-8CA2-4759-9C6D-B23962B9431D}"
	ProjectSection(SolutionItems) = preProject
		..\RabbitMq\Dockerfile = ..\RabbitMq\Dockerfile
		..\RabbitMq\logging.conf = ..\RabbitMq\logging.conf
	EndProjectSection
EndProject
Project("{2150E333-8FDC-42A3-9474-1A3956D46DE8}") = "WebApp", "WebApp", "{53C122D0-CEB4-4A91-BAC0-C02E777AAB1C}"
EndProject
Project("{2150E333-8FDC-42A3-9474-1A3956D46DE8}") = "html", "html", "{AF1E3427-0035-49E5-A2A8-D6E0CB390751}"
EndProject
Project("{2150E333-8FDC-42A3-9474-1A3956D46DE8}") = "Worker", "Worker", "{25E3B622-563D-4D6F-B210-D891A20361CF}"
EndProject
Project("{FAE04EC0-301F-11D3-BF4B-00C04F79EFBC}") = "OcrWorker", "OcrWorker\OcrWorker.csproj", "{C1B6FA64-65B9-4FBF-8AC7-5916B75EAD52}"
EndProject
Global
	GlobalSection(SolutionConfigurationPlatforms) = preSolution
		Debug|Any CPU = Debug|Any CPU
		Release|Any CPU = Release|Any CPU
	EndGlobalSection
	GlobalSection(ProjectConfigurationPlatforms) = postSolution
		{52647491-72A0-4AF8-9BBE-8968B78902E8}.Debug|Any CPU.ActiveCfg = Debug|Any CPU
		{52647491-72A0-4AF8-9BBE-8968B78902E8}.Debug|Any CPU.Build.0 = Debug|Any CPU
		{52647491-72A0-4AF8-9BBE-8968B78902E8}.Release|Any CPU.ActiveCfg = Release|Any CPU
		{52647491-72A0-4AF8-9BBE-8968B78902E8}.Release|Any CPU.Build.0 = Release|Any CPU
		{B4146BCF-6915-4196-A690-96E43DE550D1}.Debug|Any CPU.ActiveCfg = Debug|Any CPU
		{B4146BCF-6915-4196-A690-96E43DE550D1}.Debug|Any CPU.Build.0 = Debug|Any CPU
		{B4146BCF-6915-4196-A690-96E43DE550D1}.Release|Any CPU.ActiveCfg = Release|Any CPU
		{B4146BCF-6915-4196-A690-96E43DE550D1}.Release|Any CPU.Build.0 = Release|Any CPU
		{28B0B82B-AC69-440D-AC13-B9B62D3C4860}.Debug|Any CPU.ActiveCfg = Debug|Any CPU
		{28B0B82B-AC69-440D-AC13-B9B62D3C4860}.Debug|Any CPU.Build.0 = Debug|Any CPU
		{28B0B82B-AC69-440D-AC13-B9B62D3C4860}.Release|Any CPU.ActiveCfg = Release|Any CPU
		{28B0B82B-AC69-440D-AC13-B9B62D3C4860}.Release|Any CPU.Build.0 = Release|Any CPU
		{7D357072-8BF6-4643-9200-BC42DBA7BEC9}.Debug|Any CPU.ActiveCfg = Debug|Any CPU
		{7D357072-8BF6-4643-9200-BC42DBA7BEC9}.Debug|Any CPU.Build.0 = Debug|Any CPU
		{7D357072-8BF6-4643-9200-BC42DBA7BEC9}.Release|Any CPU.ActiveCfg = Release|Any CPU
		{7D357072-8BF6-4643-9200-BC42DBA7BEC9}.Release|Any CPU.Build.0 = Release|Any CPU
		{5257EB47-B13F-4B49-A14F-A385E3B99A13}.Debug|Any CPU.ActiveCfg = Debug|Any CPU
		{5257EB47-B13F-4B49-A14F-A385E3B99A13}.Debug|Any CPU.Build.0 = Debug|Any CPU
		{5257EB47-B13F-4B49-A14F-A385E3B99A13}.Release|Any CPU.ActiveCfg = Release|Any CPU
		{5257EB47-B13F-4B49-A14F-A385E3B99A13}.Release|Any CPU.Build.0 = Release|Any CPU
		{12407A91-D934-4AFE-AEB5-FF87EBBCBB91}.Debug|Any CPU.ActiveCfg = Debug|Any CPU
		{12407A91-D934-4AFE-AEB5-FF87EBBCBB91}.Debug|Any CPU.Build.0 = Debug|Any CPU
		{12407A91-D934-4AFE-AEB5-FF87EBBCBB91}.Release|Any CPU.ActiveCfg = Release|Any CPU
		{12407A91-D934-4AFE-AEB5-FF87EBBCBB91}.Release|Any CPU.Build.0 = Release|Any CPU
		{C1B6FA64-65B9-4FBF-8AC7-5916B75EAD52}.Debug|Any CPU.ActiveCfg = Debug|Any CPU
		{C1B6FA64-65B9-4FBF-8AC7-5916B75EAD52}.Debug|Any CPU.Build.0 = Debug|Any CPU
		{C1B6FA64-65B9-4FBF-8AC7-5916B75EAD52}.Release|Any CPU.ActiveCfg = Release|Any CPU
		{C1B6FA64-65B9-4FBF-8AC7-5916B75EAD52}.Release|Any CPU.Build.0 = Release|Any CPU
	EndGlobalSection
	GlobalSection(SolutionProperties) = preSolution
		HideSolutionNode = FALSE
	EndGlobalSection
	GlobalSection(NestedProjects) = preSolution
		{B6CF7D25-8CA2-4759-9C6D-B23962B9431D} = {E1DFFE1E-95AF-478F-900E-6798C6B9B784}
		{53C122D0-CEB4-4A91-BAC0-C02E777AAB1C} = {E1DFFE1E-95AF-478F-900E-6798C6B9B784}
		{AF1E3427-0035-49E5-A2A8-D6E0CB390751} = {53C122D0-CEB4-4A91-BAC0-C02E777AAB1C}
		{25E3B622-563D-4D6F-B210-D891A20361CF} = {E1DFFE1E-95AF-478F-900E-6798C6B9B784}
		{C1B6FA64-65B9-4FBF-8AC7-5916B75EAD52} = {25E3B622-563D-4D6F-B210-D891A20361CF}
	EndGlobalSection
	GlobalSection(ExtensibilityGlobals) = postSolution
		SolutionGuid = {3E4C5CC9-7A3A-4FFA-943D-48680F205CA8}
	EndGlobalSection
EndGlobal
